
Microsoft Visual Studio Solution File, Format Version 12.00
# Visual Studio Version 16
VisualStudioVersion = 16.0.32228.343
MinimumVisualStudioVersion = 10.0.40219.1
Project("{FAE04EC0-301F-11D3-BF4B-00C04F79EFBC}") = "MovieDotNetCore.UI", "MovieDotNetCore.UI\MovieDotNetCore.UI.csproj", "{CF0A1E9E-800F-439A-AF7D-0514E96964DD}"
EndProject
Project("{FAE04EC0-301F-11D3-BF4B-00C04F79EFBC}") = "MovieDotNetCore.API", "MovieDotNetCoreAPI\MovieDotNetCore.API.csproj", "{640E6993-964E-464E-91A3-35FBA94FACE9}"
EndProject
Project("{FAE04EC0-301F-11D3-BF4B-00C04F79EFBC}") = "MovieDotNetCore.BAL", "MovieDotNetCore.BAL\MovieDotNetCore.BAL.csproj", "{901C48EE-ABB8-4E68-8F89-64925F8CEF79}"
EndProject
Project("{FAE04EC0-301F-11D3-BF4B-00C04F79EFBC}") = "MovieDotNetCore.DAL", "MovieDotNetCore.DAL\MovieDotNetCore.DAL.csproj", "{DFCBE9CE-B7EB-42D5-8C7B-452C4ED2F33A}"
EndProject
Project("{FAE04EC0-301F-11D3-BF4B-00C04F79EFBC}") = "MovieDotNetCore.Entity", "MovieDotNetCore.Entity\MovieDotNetCore.Entity.csproj", "{254EEDE3-4900-4238-B0B1-A0F9E65B17D0}"
EndProject
Global
	GlobalSection(SolutionConfigurationPlatforms) = preSolution
		Debug|Any CPU = Debug|Any CPU
		Release|Any CPU = Release|Any CPU
	EndGlobalSection
	GlobalSection(ProjectConfigurationPlatforms) = postSolution
		{CF0A1E9E-800F-439A-AF7D-0514E96964DD}.Debug|Any CPU.ActiveCfg = Debug|Any CPU
		{CF0A1E9E-800F-439A-AF7D-0514E96964DD}.Debug|Any CPU.Build.0 = Debug|Any CPU
		{CF0A1E9E-800F-439A-AF7D-0514E96964DD}.Release|Any CPU.ActiveCfg = Release|Any CPU
		{CF0A1E9E-800F-439A-AF7D-0514E96964DD}.Release|Any CPU.Build.0 = Release|Any CPU
		{640E6993-964E-464E-91A3-35FBA94FACE9}.Debug|Any CPU.ActiveCfg = Debug|Any CPU
		{640E6993-964E-464E-91A3-35FBA94FACE9}.Debug|Any CPU.Build.0 = Debug|Any CPU
		{640E6993-964E-464E-91A3-35FBA94FACE9}.Release|Any CPU.ActiveCfg = Release|Any CPU
		{640E6993-964E-464E-91A3-35FBA94FACE9}.Release|Any CPU.Build.0 = Release|Any CPU
		{901C48EE-ABB8-4E68-8F89-64925F8CEF79}.Debug|Any CPU.ActiveCfg = Debug|Any CPU
		{901C48EE-ABB8-4E68-8F89-64925F8CEF79}.Debug|Any CPU.Build.0 = Debug|Any CPU
		{901C48EE-ABB8-4E68-8F89-64925F8CEF79}.Release|Any CPU.ActiveCfg = Release|Any CPU
		{901C48EE-ABB8-4E68-8F89-64925F8CEF79}.Release|Any CPU.Build.0 = Release|Any CPU
		{DFCBE9CE-B7EB-42D5-8C7B-452C4ED2F33A}.Debug|Any CPU.ActiveCfg = Debug|Any CPU
		{DFCBE9CE-B7EB-42D5-8C7B-452C4ED2F33A}.Debug|Any CPU.Build.0 = Debug|Any CPU
		{DFCBE9CE-B7EB-42D5-8C7B-452C4ED2F33A}.Release|Any CPU.ActiveCfg = Release|Any CPU
		{DFCBE9CE-B7EB-42D5-8C7B-452C4ED2F33A}.Release|Any CPU.Build.0 = Release|Any CPU
		{254EEDE3-4900-4238-B0B1-A0F9E65B17D0}.Debug|Any CPU.ActiveCfg = Debug|Any CPU
		{254EEDE3-4900-4238-B0B1-A0F9E65B17D0}.Debug|Any CPU.Build.0 = Debug|Any CPU
		{254EEDE3-4900-4238-B0B1-A0F9E65B17D0}.Release|Any CPU.ActiveCfg = Release|Any CPU
		{254EEDE3-4900-4238-B0B1-A0F9E65B17D0}.Release|Any CPU.Build.0 = Release|Any CPU
	EndGlobalSection
	GlobalSection(SolutionProperties) = preSolution
		HideSolutionNode = FALSE
	EndGlobalSection
	GlobalSection(ExtensibilityGlobals) = postSolution
		SolutionGuid = {3DDC4039-8DD2-446D-B9A6-EF1CB6079F38}
	EndGlobalSection
EndGlobal
